
Microsoft Visual Studio Solution File, Format Version 12.00
# Visual Studio Version 16
VisualStudioVersion = 25.0.1706.4
MinimumVisualStudioVersion = 10.0.40219.1
Project("{FAE04EC0-301F-11D3-BF4B-00C04F79EFBC}") = "CodingTankME", "CodingTankME\CodingTankME.csproj", "{817E8E58-83AC-454F-8170-0DAAEECDF05C}"
EndProject
Global
	GlobalSection(SolutionConfigurationPlatforms) = preSolution
		Debug|Any CPU = Debug|Any CPU
		Release|Any CPU = Release|Any CPU
	EndGlobalSection
	GlobalSection(ProjectConfigurationPlatforms) = postSolution
		{817E8E58-83AC-454F-8170-0DAAEECDF05C}.Debug|Any CPU.ActiveCfg = Debug|Any CPU
		{817E8E58-83AC-454F-8170-0DAAEECDF05C}.Debug|Any CPU.Build.0 = Debug|Any CPU
		{817E8E58-83AC-454F-8170-0DAAEECDF05C}.Release|Any CPU.ActiveCfg = Release|Any CPU
		{817E8E58-83AC-454F-8170-0DAAEECDF05C}.Release|Any CPU.Build.0 = Release|Any CPU
	EndGlobalSection
	GlobalSection(SolutionProperties) = preSolution
		HideSolutionNode = FALSE
	EndGlobalSection
	GlobalSection(ExtensibilityGlobals) = postSolution
		SolutionGuid = {8F42FF60-F684-42F3-9CBD-63DB7F3F0D4E}
	EndGlobalSection
EndGlobal
